
Microsoft Visual Studio Solution File, Format Version 12.00
# Visual Studio 15
Project("{FAE04EC0-301F-11D3-BF4B-00C04F79EFBC}") = "ARTraining", "ARTraining.csproj", "{21C7F690-9B51-A553-5DB3-5C833E6ECF72}"
EndProject
Project("{FAE04EC0-301F-11D3-BF4B-00C04F79EFBC}") = "ARTraining.Editor", "ARTraining.Editor.csproj", "{02564B7F-D0EC-7996-62E4-4B300CBF09F6}"
EndProject
Global
	GlobalSection(SolutionConfigurationPlatforms) = preSolution
		Debug|Any CPU = Debug|Any CPU
		Release|Any CPU = Release|Any CPU
	EndGlobalSection
	GlobalSection(ProjectConfigurationPlatforms) = postSolution
		{21C7F690-9B51-A553-5DB3-5C833E6ECF72}.Debug|Any CPU.ActiveCfg = Debug|Any CPU
		{21C7F690-9B51-A553-5DB3-5C833E6ECF72}.Debug|Any CPU.Build.0 = Debug|Any CPU
		{21C7F690-9B51-A553-5DB3-5C833E6ECF72}.Release|Any CPU.ActiveCfg = Release|Any CPU
		{21C7F690-9B51-A553-5DB3-5C833E6ECF72}.Release|Any CPU.Build.0 = Release|Any CPU
		{02564B7F-D0EC-7996-62E4-4B300CBF09F6}.Debug|Any CPU.ActiveCfg = Debug|Any CPU
		{02564B7F-D0EC-7996-62E4-4B300CBF09F6}.Debug|Any CPU.Build.0 = Debug|Any CPU
		{02564B7F-D0EC-7996-62E4-4B300CBF09F6}.Release|Any CPU.ActiveCfg = Release|Any CPU
		{02564B7F-D0EC-7996-62E4-4B300CBF09F6}.Release|Any CPU.Build.0 = Release|Any CPU
	EndGlobalSection
	GlobalSection(SolutionProperties) = preSolution
		HideSolutionNode = FALSE
	EndGlobalSection
EndGlobal
